
Microsoft Visual Studio Solution File, Format Version 12.00
# Visual Studio Version 16
VisualStudioVersion = 16.0.29806.167
MinimumVisualStudioVersion = 10.0.40219.1
Project("{2150E333-8FDC-42A3-9474-1A3956D46DE8}") = "01_SampleApp", "01_SampleApp", "{C0D5807A-FE88-424E-A07C-6258533797C7}"
EndProject
Project("{9A19103F-16F7-4668-BE54-9A1E7A4F7556}") = "Currency.Frontend", "01_SampleApp\Currency.Frontend\Currency.Frontend.csproj", "{BE6F0C7F-D03A-4CB3-9F3B-ACC12EBB4EC7}"
EndProject
Project("{9A19103F-16F7-4668-BE54-9A1E7A4F7556}") = "Currency.DbService", "01_SampleApp\Currency.DbService\Currency.DbService.csproj", "{4CF4420D-5ED4-4757-A9A0-8791D835F6D9}"
EndProject
Project("{2150E333-8FDC-42A3-9474-1A3956D46DE8}") = "02_AppInsightsDemo", "02_AppInsightsDemo", "{06D75A12-C837-4E0D-9E7D-BBE41FB9ECAF}"
EndProject
Project("{9A19103F-16F7-4668-BE54-9A1E7A4F7556}") = "Currency.Frontend", "02_SampleApp_AppInsights\Currency.Frontend\Currency.Frontend.csproj", "{708DE882-2B9E-4686-9AA8-23055F25E691}"
EndProject
Project("{9A19103F-16F7-4668-BE54-9A1E7A4F7556}") = "Currency.DbService", "02_SampleApp_AppInsights\Currency.DbService\Currency.DbService.csproj", "{6C31F095-D4D9-44BB-935E-36727A42DED3}"
EndProject
Project("{2150E333-8FDC-42A3-9474-1A3956D46DE8}") = "03_SampleApp_Elastic", "03_SampleApp_Elastic", "{3D73A92B-AB7E-470E-879B-AD3E94423494}"
EndProject
Project("{9A19103F-16F7-4668-BE54-9A1E7A4F7556}") = "Currency.Frontend_Sample1", "03_SampleApp_Elastic\Currency.Frontend\Currency.Frontend_Sample1.csproj", "{5C4FF27D-7297-4F15-AB86-45C2D4BB82A1}"
EndProject
Project("{9A19103F-16F7-4668-BE54-9A1E7A4F7556}") = "Currency.DbService_Sampe1", "03_SampleApp_Elastic\Currency.DbService\Currency.DbService_Sampe1.csproj", "{73ADA391-1A61-49EF-94A8-8FA6B8259473}"
EndProject
Project("{2150E333-8FDC-42A3-9474-1A3956D46DE8}") = "1_DemoApp", "1_DemoApp", "{435FD320-72B1-44A5-9E80-6FF2AFD1D909}"
EndProject
Project("{2150E333-8FDC-42A3-9474-1A3956D46DE8}") = "2_ToolsOverview", "2_ToolsOverview", "{CEAA3A4A-8F18-430C-95EA-A1007961D90B}"
EndProject
Project("{2150E333-8FDC-42A3-9474-1A3956D46DE8}") = "3_CustomInsturmentation", "3_CustomInsturmentation", "{10FA0A78-93EB-465D-B999-D3549AA0F224}"
EndProject
Project("{2150E333-8FDC-42A3-9474-1A3956D46DE8}") = "4_DtOverCmd", "4_DtOverCmd", "{70039933-1587-44B7-B211-43B7EA19F9B5}"
EndProject
Project("{9A19103F-16F7-4668-BE54-9A1E7A4F7556}") = "Currency.Frontend2", "04_AppInsights_ManualInsturmentation\Currency.Frontend\Currency.Frontend2.csproj", "{73CCC7E7-F962-4A2E-948B-30AD9AE17035}"
EndProject
Project("{2150E333-8FDC-42A3-9474-1A3956D46DE8}") = "04_AppInsights_ManualInsturmentation", "04_AppInsights_ManualInsturmentation", "{B8A0C278-4415-46F8-A3F8-5877963838C3}"
EndProject
Project("{9A19103F-16F7-4668-BE54-9A1E7A4F7556}") = "Currency.DbService_ManualInsturmented", "04_AppInsights_ManualInsturmentation\Currency.DbService\Currency.DbService_ManualInsturmented.csproj", "{F69B1A74-9C29-4F0B-AA97-F652DA11514C}"
EndProject
Project("{2150E333-8FDC-42A3-9474-1A3956D46DE8}") = "05_ElasticManualInsturmentation", "05_ElasticManualInsturmentation", "{4D8B9342-4A8B-4C92-8136-D57C1809DCDA}"
EndProject
Project("{9A19103F-16F7-4668-BE54-9A1E7A4F7556}") = "Currency.DbService_ManualInstrumented", "05_ElasticManualInsturmentation\Currency.DbService\Currency.DbService_ManualInstrumented.csproj", "{BAFE8AFC-E800-4A8B-BA31-32D969895F26}"
EndProject
Project("{9A19103F-16F7-4668-BE54-9A1E7A4F7556}") = "Currency.Frontend_Sample2", "05_ElasticManualInsturmentation\Currency.Frontend\Currency.Frontend_Sample2.csproj", "{F31D8D09-CFD0-4DD8-94F4-2CB260EB50F8}"
EndProject
Project("{9A19103F-16F7-4668-BE54-9A1E7A4F7556}") = "DistributedTracingOverCmdParameter", "06_DtOverCmd\DistributedTracingOverCmdParameter.csproj", "{C558B9CF-A165-42B2-8C72-C1D0C9615DD8}"
EndProject
Project("{2150E333-8FDC-42A3-9474-1A3956D46DE8}") = "06_DtOverCmd", "06_DtOverCmd", "{044F7983-E1F6-4DC5-B061-631916814E56}"
EndProject
Project("{2150E333-8FDC-42A3-9474-1A3956D46DE8}") = "5_OpenTelemetryAndJaeger", "5_OpenTelemetryAndJaeger", "{48BE08DE-7DDC-48C9-8B0C-2A0E1D68FDC8}"
EndProject
Project("{2150E333-8FDC-42A3-9474-1A3956D46DE8}") = "07_OTJaeger", "07_OTJaeger", "{927F62A9-9E6E-472F-ACAE-2B769D82D718}"
EndProject
Project("{9A19103F-16F7-4668-BE54-9A1E7A4F7556}") = "OtJaegerSample", "07_OTJaeger\OtJaegerSample\OtJaegerSample.csproj", "{7AF0380A-3C5D-4069-B1BD-4E4443B98607}"
EndProject
Project("{2150E333-8FDC-42A3-9474-1A3956D46DE8}") = "6_DiagnosticSourceAndActivity", "6_DiagnosticSourceAndActivity", "{047745F1-C883-4CC8-BB74-FFEFE0F3C636}"
EndProject
Project("{2150E333-8FDC-42A3-9474-1A3956D46DE8}") = "08_DiagnosticSourceBasic", "08_DiagnosticSourceBasic", "{6A455651-CA60-40C1-A12D-ECAA3D6DEE3B}"
EndProject
Project("{9A19103F-16F7-4668-BE54-9A1E7A4F7556}") = "DiagnosticSourceBasic", "08_DiagnosticSourceBasic\DiagnosticSourceBasic\DiagnosticSourceBasic.csproj", "{45D7AF72-79B4-4E39-9CB6-9E8CB7642325}"
EndProject
Project("{2150E333-8FDC-42A3-9474-1A3956D46DE8}") = "09_DiagnosticSourceWithHttpClient", "09_DiagnosticSourceWithHttpClient", "{2E7C4911-E6B2-454F-AF3A-C907766DD239}"
EndProject
Project("{9A19103F-16F7-4668-BE54-9A1E7A4F7556}") = "DiagnosticSourceWithHttpClient", "09_DiagnosticSourceWithHttpClient\DiagnosticSourceWithHttpClient\DiagnosticSourceWithHttpClient.csproj", "{9FD751D4-7541-4326-9B58-DAB12CC62657}"
EndProject
Project("{2150E333-8FDC-42A3-9474-1A3956D46DE8}") = "10_Activity", "10_Activity", "{DCCB8E21-F0EF-429E-B162-24D3EA41E41F}"
EndProject
Project("{FAE04EC0-301F-11D3-BF4B-00C04F79EFBC}") = "ActivitySample", "10_Activity\ActivitySample\ActivitySample.csproj", "{8CD1DF5D-745D-41FC-B9B2-734352378309}"
EndProject
Project("{2150E333-8FDC-42A3-9474-1A3956D46DE8}") = "11_AspNetCoreMiniApp", "11_AspNetCoreMiniApp", "{D2BE1F21-8E53-445A-94B0-21F86105EB94}"
EndProject
Project("{FAE04EC0-301F-11D3-BF4B-00C04F79EFBC}") = "AspNetCoreMiniApp", "11_AspNetCoreMiniApp\AspNetCoreMiniApp\AspNetCoreMiniApp.csproj", "{AE94F754-47F1-43B9-8AEC-8578209F35F9}"
EndProject
Global
	GlobalSection(SolutionConfigurationPlatforms) = preSolution
		Debug|Any CPU = Debug|Any CPU
		Release|Any CPU = Release|Any CPU
	EndGlobalSection
	GlobalSection(ProjectConfigurationPlatforms) = postSolution
		{BE6F0C7F-D03A-4CB3-9F3B-ACC12EBB4EC7}.Debug|Any CPU.ActiveCfg = Debug|Any CPU
		{BE6F0C7F-D03A-4CB3-9F3B-ACC12EBB4EC7}.Debug|Any CPU.Build.0 = Debug|Any CPU
		{BE6F0C7F-D03A-4CB3-9F3B-ACC12EBB4EC7}.Release|Any CPU.ActiveCfg = Release|Any CPU
		{BE6F0C7F-D03A-4CB3-9F3B-ACC12EBB4EC7}.Release|Any CPU.Build.0 = Release|Any CPU
		{4CF4420D-5ED4-4757-A9A0-8791D835F6D9}.Debug|Any CPU.ActiveCfg = Debug|Any CPU
		{4CF4420D-5ED4-4757-A9A0-8791D835F6D9}.Debug|Any CPU.Build.0 = Debug|Any CPU
		{4CF4420D-5ED4-4757-A9A0-8791D835F6D9}.Release|Any CPU.ActiveCfg = Release|Any CPU
		{4CF4420D-5ED4-4757-A9A0-8791D835F6D9}.Release|Any CPU.Build.0 = Release|Any CPU
		{708DE882-2B9E-4686-9AA8-23055F25E691}.Debug|Any CPU.ActiveCfg = Debug|Any CPU
		{708DE882-2B9E-4686-9AA8-23055F25E691}.Debug|Any CPU.Build.0 = Debug|Any CPU
		{708DE882-2B9E-4686-9AA8-23055F25E691}.Release|Any CPU.ActiveCfg = Release|Any CPU
		{708DE882-2B9E-4686-9AA8-23055F25E691}.Release|Any CPU.Build.0 = Release|Any CPU
		{6C31F095-D4D9-44BB-935E-36727A42DED3}.Debug|Any CPU.ActiveCfg = Debug|Any CPU
		{6C31F095-D4D9-44BB-935E-36727A42DED3}.Debug|Any CPU.Build.0 = Debug|Any CPU
		{6C31F095-D4D9-44BB-935E-36727A42DED3}.Release|Any CPU.ActiveCfg = Release|Any CPU
		{6C31F095-D4D9-44BB-935E-36727A42DED3}.Release|Any CPU.Build.0 = Release|Any CPU
		{5C4FF27D-7297-4F15-AB86-45C2D4BB82A1}.Debug|Any CPU.ActiveCfg = Debug|Any CPU
		{5C4FF27D-7297-4F15-AB86-45C2D4BB82A1}.Debug|Any CPU.Build.0 = Debug|Any CPU
		{5C4FF27D-7297-4F15-AB86-45C2D4BB82A1}.Release|Any CPU.ActiveCfg = Release|Any CPU
		{5C4FF27D-7297-4F15-AB86-45C2D4BB82A1}.Release|Any CPU.Build.0 = Release|Any CPU
		{73ADA391-1A61-49EF-94A8-8FA6B8259473}.Debug|Any CPU.ActiveCfg = Debug|Any CPU
		{73ADA391-1A61-49EF-94A8-8FA6B8259473}.Debug|Any CPU.Build.0 = Debug|Any CPU
		{73ADA391-1A61-49EF-94A8-8FA6B8259473}.Release|Any CPU.ActiveCfg = Release|Any CPU
		{73ADA391-1A61-49EF-94A8-8FA6B8259473}.Release|Any CPU.Build.0 = Release|Any CPU
		{73CCC7E7-F962-4A2E-948B-30AD9AE17035}.Debug|Any CPU.ActiveCfg = Debug|Any CPU
		{73CCC7E7-F962-4A2E-948B-30AD9AE17035}.Debug|Any CPU.Build.0 = Debug|Any CPU
		{73CCC7E7-F962-4A2E-948B-30AD9AE17035}.Release|Any CPU.ActiveCfg = Release|Any CPU
		{73CCC7E7-F962-4A2E-948B-30AD9AE17035}.Release|Any CPU.Build.0 = Release|Any CPU
		{F69B1A74-9C29-4F0B-AA97-F652DA11514C}.Debug|Any CPU.ActiveCfg = Debug|Any CPU
		{F69B1A74-9C29-4F0B-AA97-F652DA11514C}.Debug|Any CPU.Build.0 = Debug|Any CPU
		{F69B1A74-9C29-4F0B-AA97-F652DA11514C}.Release|Any CPU.ActiveCfg = Release|Any CPU
		{F69B1A74-9C29-4F0B-AA97-F652DA11514C}.Release|Any CPU.Build.0 = Release|Any CPU
		{BAFE8AFC-E800-4A8B-BA31-32D969895F26}.Debug|Any CPU.ActiveCfg = Debug|Any CPU
		{BAFE8AFC-E800-4A8B-BA31-32D969895F26}.Debug|Any CPU.Build.0 = Debug|Any CPU
		{BAFE8AFC-E800-4A8B-BA31-32D969895F26}.Release|Any CPU.ActiveCfg = Release|Any CPU
		{BAFE8AFC-E800-4A8B-BA31-32D969895F26}.Release|Any CPU.Build.0 = Release|Any CPU
		{F31D8D09-CFD0-4DD8-94F4-2CB260EB50F8}.Debug|Any CPU.ActiveCfg = Debug|Any CPU
		{F31D8D09-CFD0-4DD8-94F4-2CB260EB50F8}.Debug|Any CPU.Build.0 = Debug|Any CPU
		{F31D8D09-CFD0-4DD8-94F4-2CB260EB50F8}.Release|Any CPU.ActiveCfg = Release|Any CPU
		{F31D8D09-CFD0-4DD8-94F4-2CB260EB50F8}.Release|Any CPU.Build.0 = Release|Any CPU
		{C558B9CF-A165-42B2-8C72-C1D0C9615DD8}.Debug|Any CPU.ActiveCfg = Debug|Any CPU
		{C558B9CF-A165-42B2-8C72-C1D0C9615DD8}.Debug|Any CPU.Build.0 = Debug|Any CPU
		{C558B9CF-A165-42B2-8C72-C1D0C9615DD8}.Release|Any CPU.ActiveCfg = Release|Any CPU
		{C558B9CF-A165-42B2-8C72-C1D0C9615DD8}.Release|Any CPU.Build.0 = Release|Any CPU
		{7AF0380A-3C5D-4069-B1BD-4E4443B98607}.Debug|Any CPU.ActiveCfg = Debug|Any CPU
		{7AF0380A-3C5D-4069-B1BD-4E4443B98607}.Debug|Any CPU.Build.0 = Debug|Any CPU
		{7AF0380A-3C5D-4069-B1BD-4E4443B98607}.Release|Any CPU.ActiveCfg = Release|Any CPU
		{7AF0380A-3C5D-4069-B1BD-4E4443B98607}.Release|Any CPU.Build.0 = Release|Any CPU
		{45D7AF72-79B4-4E39-9CB6-9E8CB7642325}.Debug|Any CPU.ActiveCfg = Debug|Any CPU
		{45D7AF72-79B4-4E39-9CB6-9E8CB7642325}.Debug|Any CPU.Build.0 = Debug|Any CPU
		{45D7AF72-79B4-4E39-9CB6-9E8CB7642325}.Release|Any CPU.ActiveCfg = Release|Any CPU
		{45D7AF72-79B4-4E39-9CB6-9E8CB7642325}.Release|Any CPU.Build.0 = Release|Any CPU
		{9FD751D4-7541-4326-9B58-DAB12CC62657}.Debug|Any CPU.ActiveCfg = Debug|Any CPU
		{9FD751D4-7541-4326-9B58-DAB12CC62657}.Debug|Any CPU.Build.0 = Debug|Any CPU
		{9FD751D4-7541-4326-9B58-DAB12CC62657}.Release|Any CPU.ActiveCfg = Release|Any CPU
		{9FD751D4-7541-4326-9B58-DAB12CC62657}.Release|Any CPU.Build.0 = Release|Any CPU
		{8CD1DF5D-745D-41FC-B9B2-734352378309}.Debug|Any CPU.ActiveCfg = Debug|Any CPU
		{8CD1DF5D-745D-41FC-B9B2-734352378309}.Debug|Any CPU.Build.0 = Debug|Any CPU
		{8CD1DF5D-745D-41FC-B9B2-734352378309}.Release|Any CPU.ActiveCfg = Release|Any CPU
		{8CD1DF5D-745D-41FC-B9B2-734352378309}.Release|Any CPU.Build.0 = Release|Any CPU
		{AE94F754-47F1-43B9-8AEC-8578209F35F9}.Debug|Any CPU.ActiveCfg = Debug|Any CPU
		{AE94F754-47F1-43B9-8AEC-8578209F35F9}.Debug|Any CPU.Build.0 = Debug|Any CPU
		{AE94F754-47F1-43B9-8AEC-8578209F35F9}.Release|Any CPU.ActiveCfg = Release|Any CPU
		{AE94F754-47F1-43B9-8AEC-8578209F35F9}.Release|Any CPU.Build.0 = Release|Any CPU
	EndGlobalSection
	GlobalSection(SolutionProperties) = preSolution
		HideSolutionNode = FALSE
	EndGlobalSection
	GlobalSection(NestedProjects) = preSolution
		{C0D5807A-FE88-424E-A07C-6258533797C7} = {435FD320-72B1-44A5-9E80-6FF2AFD1D909}
		{BE6F0C7F-D03A-4CB3-9F3B-ACC12EBB4EC7} = {C0D5807A-FE88-424E-A07C-6258533797C7}
		{4CF4420D-5ED4-4757-A9A0-8791D835F6D9} = {C0D5807A-FE88-424E-A07C-6258533797C7}
		{06D75A12-C837-4E0D-9E7D-BBE41FB9ECAF} = {CEAA3A4A-8F18-430C-95EA-A1007961D90B}
		{708DE882-2B9E-4686-9AA8-23055F25E691} = {06D75A12-C837-4E0D-9E7D-BBE41FB9ECAF}
		{6C31F095-D4D9-44BB-935E-36727A42DED3} = {06D75A12-C837-4E0D-9E7D-BBE41FB9ECAF}
		{3D73A92B-AB7E-470E-879B-AD3E94423494} = {CEAA3A4A-8F18-430C-95EA-A1007961D90B}
		{5C4FF27D-7297-4F15-AB86-45C2D4BB82A1} = {3D73A92B-AB7E-470E-879B-AD3E94423494}
		{73ADA391-1A61-49EF-94A8-8FA6B8259473} = {3D73A92B-AB7E-470E-879B-AD3E94423494}
		{73CCC7E7-F962-4A2E-948B-30AD9AE17035} = {B8A0C278-4415-46F8-A3F8-5877963838C3}
		{B8A0C278-4415-46F8-A3F8-5877963838C3} = {10FA0A78-93EB-465D-B999-D3549AA0F224}
		{F69B1A74-9C29-4F0B-AA97-F652DA11514C} = {B8A0C278-4415-46F8-A3F8-5877963838C3}
		{4D8B9342-4A8B-4C92-8136-D57C1809DCDA} = {10FA0A78-93EB-465D-B999-D3549AA0F224}
		{BAFE8AFC-E800-4A8B-BA31-32D969895F26} = {4D8B9342-4A8B-4C92-8136-D57C1809DCDA}
		{F31D8D09-CFD0-4DD8-94F4-2CB260EB50F8} = {4D8B9342-4A8B-4C92-8136-D57C1809DCDA}
		{C558B9CF-A165-42B2-8C72-C1D0C9615DD8} = {044F7983-E1F6-4DC5-B061-631916814E56}
		{044F7983-E1F6-4DC5-B061-631916814E56} = {70039933-1587-44B7-B211-43B7EA19F9B5}
		{927F62A9-9E6E-472F-ACAE-2B769D82D718} = {48BE08DE-7DDC-48C9-8B0C-2A0E1D68FDC8}
		{7AF0380A-3C5D-4069-B1BD-4E4443B98607} = {927F62A9-9E6E-472F-ACAE-2B769D82D718}
		{6A455651-CA60-40C1-A12D-ECAA3D6DEE3B} = {047745F1-C883-4CC8-BB74-FFEFE0F3C636}
		{45D7AF72-79B4-4E39-9CB6-9E8CB7642325} = {6A455651-CA60-40C1-A12D-ECAA3D6DEE3B}
		{2E7C4911-E6B2-454F-AF3A-C907766DD239} = {047745F1-C883-4CC8-BB74-FFEFE0F3C636}
		{9FD751D4-7541-4326-9B58-DAB12CC62657} = {2E7C4911-E6B2-454F-AF3A-C907766DD239}
		{DCCB8E21-F0EF-429E-B162-24D3EA41E41F} = {047745F1-C883-4CC8-BB74-FFEFE0F3C636}
		{8CD1DF5D-745D-41FC-B9B2-734352378309} = {DCCB8E21-F0EF-429E-B162-24D3EA41E41F}
		{D2BE1F21-8E53-445A-94B0-21F86105EB94} = {047745F1-C883-4CC8-BB74-FFEFE0F3C636}
		{AE94F754-47F1-43B9-8AEC-8578209F35F9} = {D2BE1F21-8E53-445A-94B0-21F86105EB94}
	EndGlobalSection
	GlobalSection(ExtensibilityGlobals) = postSolution
		SolutionGuid = {804B6D11-E7C6-4C38-8E4F-5492EDEC870A}
	EndGlobalSection
EndGlobal
